// !$*UTF8*$!
{
	archiveVersion = 1;
	classes = {
	};
	objectVersion = 50;
	objects = {

/* Begin PBXBuildFile section */
		8A59A669B68B6C9BBB133828 /* libPods-FMDBUpgrade.a in Frameworks */ = {isa = PBXBuildFile; fileRef = 0960422738DA406B4C85062D /* libPods-FMDBUpgrade.a */; };
		CE4805ED223E22AC004F48E6 /* FMDBUpgradeTests.m in Sources */ = {isa = PBXBuildFile; fileRef = CE4805EC223E22AC004F48E6 /* FMDBUpgradeTests.m */; };
		CE933A5421FAE5EA00D6BAA8 /* FMDBUpgrade.podspec in Resources */ = {isa = PBXBuildFile; fileRef = CE933A5321FAE5EA00D6BAA8 /* FMDBUpgrade.podspec */; };
		CE9B4DFB21E868570039B89B /* AppDelegate.m in Sources */ = {isa = PBXBuildFile; fileRef = CE9B4DFA21E868570039B89B /* AppDelegate.m */; };
		CE9B4DFE21E868570039B89B /* ViewController.m in Sources */ = {isa = PBXBuildFile; fileRef = CE9B4DFD21E868570039B89B /* ViewController.m */; };
		CE9B4E0121E868570039B89B /* Main.storyboard in Resources */ = {isa = PBXBuildFile; fileRef = CE9B4DFF21E868570039B89B /* Main.storyboard */; };
		CE9B4E0321E868580039B89B /* Assets.xcassets in Resources */ = {isa = PBXBuildFile; fileRef = CE9B4E0221E868580039B89B /* Assets.xcassets */; };
		CE9B4E0621E868580039B89B /* LaunchScreen.storyboard in Resources */ = {isa = PBXBuildFile; fileRef = CE9B4E0421E868580039B89B /* LaunchScreen.storyboard */; };
		CE9B4E0921E868580039B89B /* main.m in Sources */ = {isa = PBXBuildFile; fileRef = CE9B4E0821E868580039B89B /* main.m */; };
		CE9B4E2521E86A870039B89B /* FMDatabase+Upgrade.m in Sources */ = {isa = PBXBuildFile; fileRef = CE9B4E2021E86A870039B89B /* FMDatabase+Upgrade.m */; };
		CE9B4E2721E86A870039B89B /* FMDatabaseQueue+Upgrade.m in Sources */ = {isa = PBXBuildFile; fileRef = CE9B4E2221E86A870039B89B /* FMDatabaseQueue+Upgrade.m */; };
		CE9B4E2821E86A870039B89B /* SQLite Statements.md in Resources */ = {isa = PBXBuildFile; fileRef = CE9B4E2321E86A870039B89B /* SQLite Statements.md */; };
		CE9B4E2B21E86C730039B89B /* TwoViewController.m in Sources */ = {isa = PBXBuildFile; fileRef = CE9B4E2A21E86C730039B89B /* TwoViewController.m */; };
		CE9B4E2D21E86F450039B89B /* BrowseRecords.plist in Resources */ = {isa = PBXBuildFile; fileRef = CE9B4E2C21E86F450039B89B /* BrowseRecords.plist */; };
/* End PBXBuildFile section */

/* Begin PBXContainerItemProxy section */
		CE4805EF223E22AC004F48E6 /* PBXContainerItemProxy */ = {
			isa = PBXContainerItemProxy;
			containerPortal = CE9B4DEE21E868570039B89B /* Project object */;
			proxyType = 1;
			remoteGlobalIDString = CE9B4DF521E868570039B89B;
			remoteInfo = FMDBUpgrade;
		};
/* End PBXContainerItemProxy section */

/* Begin PBXFileReference section */
		0960422738DA406B4C85062D /* libPods-FMDBUpgrade.a */ = {isa = PBXFileReference; explicitFileType = archive.ar; includeInIndex = 0; path = "libPods-FMDBUpgrade.a"; sourceTree = BUILT_PRODUCTS_DIR; };
		2A5083D370E7DCD7A652FF1F /* Pods-FMDBUpgrade.release.xcconfig */ = {isa = PBXFileReference; includeInIndex = 1; lastKnownFileType = text.xcconfig; name = "Pods-FMDBUpgrade.release.xcconfig"; path = "Pods/Target Support Files/Pods-FMDBUpgrade/Pods-FMDBUpgrade.release.xcconfig"; sourceTree = "<group>"; };
		4611AD663953F938D53F305C /* Pods-FMDBUpgrade.debug.xcconfig */ = {isa = PBXFileReference; includeInIndex = 1; lastKnownFileType = text.xcconfig; name = "Pods-FMDBUpgrade.debug.xcconfig"; path = "Pods/Target Support Files/Pods-FMDBUpgrade/Pods-FMDBUpgrade.debug.xcconfig"; sourceTree = "<group>"; };
		CE4805EA223E22AC004F48E6 /* FMDBUpgradeTests.xctest */ = {isa = PBXFileReference; explicitFileType = wrapper.cfbundle; includeInIndex = 0; path = FMDBUpgradeTests.xctest; sourceTree = BUILT_PRODUCTS_DIR; };
		CE4805EC223E22AC004F48E6 /* FMDBUpgradeTests.m */ = {isa = PBXFileReference; lastKnownFileType = sourcecode.c.objc; path = FMDBUpgradeTests.m; sourceTree = "<group>"; };
		CE4805EE223E22AC004F48E6 /* Info.plist */ = {isa = PBXFileReference; lastKnownFileType = text.plist.xml; path = Info.plist; sourceTree = "<group>"; };
		CE933A5321FAE5EA00D6BAA8 /* FMDBUpgrade.podspec */ = {isa = PBXFileReference; fileEncoding = 4; lastKnownFileType = text; path = FMDBUpgrade.podspec; sourceTree = SOURCE_ROOT; };
		CE9B4DF621E868570039B89B /* FMDBUpgrade.app */ = {isa = PBXFileReference; explicitFileType = wrapper.application; includeInIndex = 0; path = FMDBUpgrade.app; sourceTree = BUILT_PRODUCTS_DIR; };
		CE9B4DF921E868570039B89B /* AppDelegate.h */ = {isa = PBXFileReference; lastKnownFileType = sourcecode.c.h; path = AppDelegate.h; sourceTree = "<group>"; };
		CE9B4DFA21E868570039B89B /* AppDelegate.m */ = {isa = PBXFileReference; lastKnownFileType = sourcecode.c.objc; path = AppDelegate.m; sourceTree = "<group>"; };
		CE9B4DFC21E868570039B89B /* ViewController.h */ = {isa = PBXFileReference; lastKnownFileType = sourcecode.c.h; path = ViewController.h; sourceTree = "<group>"; };
		CE9B4DFD21E868570039B89B /* ViewController.m */ = {isa = PBXFileReference; lastKnownFileType = sourcecode.c.objc; path = ViewController.m; sourceTree = "<group>"; };
		CE9B4E0021E868570039B89B /* Base */ = {isa = PBXFileReference; lastKnownFileType = file.storyboard; name = Base; path = Base.lproj/Main.storyboard; sourceTree = "<group>"; };
		CE9B4E0221E868580039B89B /* Assets.xcassets */ = {isa = PBXFileReference; lastKnownFileType = folder.assetcatalog; path = Assets.xcassets; sourceTree = "<group>"; };
		CE9B4E0521E868580039B89B /* Base */ = {isa = PBXFileReference; lastKnownFileType = file.storyboard; name = Base; path = Base.lproj/LaunchScreen.storyboard; sourceTree = "<group>"; };
		CE9B4E0721E868580039B89B /* Info.plist */ = {isa = PBXFileReference; lastKnownFileType = text.plist.xml; path = Info.plist; sourceTree = "<group>"; };
		CE9B4E0821E868580039B89B /* main.m */ = {isa = PBXFileReference; lastKnownFileType = sourcecode.c.objc; path = main.m; sourceTree = "<group>"; };
		CE9B4E1D21E86A870039B89B /* FMDBUpgradeHeader.h */ = {isa = PBXFileReference; fileEncoding = 4; lastKnownFileType = sourcecode.c.h; path = FMDBUpgradeHeader.h; sourceTree = "<group>"; };
		CE9B4E1F21E86A870039B89B /* FMDatabaseQueue+Upgrade.h */ = {isa = PBXFileReference; fileEncoding = 4; lastKnownFileType = sourcecode.c.h; path = "FMDatabaseQueue+Upgrade.h"; sourceTree = "<group>"; };
		CE9B4E2021E86A870039B89B /* FMDatabase+Upgrade.m */ = {isa = PBXFileReference; fileEncoding = 4; lastKnownFileType = sourcecode.c.objc; path = "FMDatabase+Upgrade.m"; sourceTree = "<group>"; };
		CE9B4E2221E86A870039B89B /* FMDatabaseQueue+Upgrade.m */ = {isa = PBXFileReference; fileEncoding = 4; lastKnownFileType = sourcecode.c.objc; path = "FMDatabaseQueue+Upgrade.m"; sourceTree = "<group>"; };
		CE9B4E2321E86A870039B89B /* SQLite Statements.md */ = {isa = PBXFileReference; fileEncoding = 4; lastKnownFileType = net.daringfireball.markdown; path = "SQLite Statements.md"; sourceTree = "<group>"; };
		CE9B4E2421E86A870039B89B /* FMDatabase+Upgrade.h */ = {isa = PBXFileReference; fileEncoding = 4; lastKnownFileType = sourcecode.c.h; path = "FMDatabase+Upgrade.h"; sourceTree = "<group>"; };
		CE9B4E2921E86C730039B89B /* TwoViewController.h */ = {isa = PBXFileReference; lastKnownFileType = sourcecode.c.h; path = TwoViewController.h; sourceTree = "<group>"; };
		CE9B4E2A21E86C730039B89B /* TwoViewController.m */ = {isa = PBXFileReference; lastKnownFileType = sourcecode.c.objc; path = TwoViewController.m; sourceTree = "<group>"; };
		CE9B4E2C21E86F450039B89B /* BrowseRecords.plist */ = {isa = PBXFileReference; fileEncoding = 4; lastKnownFileType = text.plist.xml; path = BrowseRecords.plist; sourceTree = "<group>"; };
/* End PBXFileReference section */

/* Begin PBXFrameworksBuildPhase section */
		CE4805E7223E22AC004F48E6 /* Frameworks */ = {
			isa = PBXFrameworksBuildPhase;
			buildActionMask = 2147483647;
			files = (
			);
			runOnlyForDeploymentPostprocessing = 0;
		};
		CE9B4DF321E868570039B89B /* Frameworks */ = {
			isa = PBXFrameworksBuildPhase;
			buildActionMask = 2147483647;
			files = (
				8A59A669B68B6C9BBB133828 /* libPods-FMDBUpgrade.a in Frameworks */,
			);
			runOnlyForDeploymentPostprocessing = 0;
		};
/* End PBXFrameworksBuildPhase section */

/* Begin PBXGroup section */
		3D18569BAE7371B3C6A4D910 /* Frameworks */ = {
			isa = PBXGroup;
			children = (
				0960422738DA406B4C85062D /* libPods-FMDBUpgrade.a */,
			);
			name = Frameworks;
			sourceTree = "<group>";
		};
		C864567D9198BD1E8B8BAC78 /* Pods */ = {
			isa = PBXGroup;
			children = (
				4611AD663953F938D53F305C /* Pods-FMDBUpgrade.debug.xcconfig */,
				2A5083D370E7DCD7A652FF1F /* Pods-FMDBUpgrade.release.xcconfig */,
			);
			name = Pods;
			sourceTree = "<group>";
		};
		CE4805EB223E22AC004F48E6 /* FMDBUpgradeTests */ = {
			isa = PBXGroup;
			children = (
				CE4805EC223E22AC004F48E6 /* FMDBUpgradeTests.m */,
				CE4805EE223E22AC004F48E6 /* Info.plist */,
			);
			path = FMDBUpgradeTests;
			sourceTree = "<group>";
		};
		CE9B4DED21E868570039B89B = {
			isa = PBXGroup;
			children = (
				CE9B4DF821E868570039B89B /* FMDBUpgrade */,
				CE4805EB223E22AC004F48E6 /* FMDBUpgradeTests */,
				CE9B4DF721E868570039B89B /* Products */,
				C864567D9198BD1E8B8BAC78 /* Pods */,
				3D18569BAE7371B3C6A4D910 /* Frameworks */,
			);
			sourceTree = "<group>";
		};
		CE9B4DF721E868570039B89B /* Products */ = {
			isa = PBXGroup;
			children = (
				CE9B4DF621E868570039B89B /* FMDBUpgrade.app */,
				CE4805EA223E22AC004F48E6 /* FMDBUpgradeTests.xctest */,
			);
			name = Products;
			sourceTree = "<group>";
		};
		CE9B4DF821E868570039B89B /* FMDBUpgrade */ = {
			isa = PBXGroup;
			children = (
				CE9B4DF921E868570039B89B /* AppDelegate.h */,
				CE9B4DFA21E868570039B89B /* AppDelegate.m */,
				CE9B4DFC21E868570039B89B /* ViewController.h */,
				CE9B4DFD21E868570039B89B /* ViewController.m */,
				CE9B4E2921E86C730039B89B /* TwoViewController.h */,
				CE9B4E2A21E86C730039B89B /* TwoViewController.m */,
				CE9B4E1C21E86A870039B89B /* UpgradeManager */,
				CE9B4DFF21E868570039B89B /* Main.storyboard */,
				CE9B4E0221E868580039B89B /* Assets.xcassets */,
				CE9B4E0421E868580039B89B /* LaunchScreen.storyboard */,
				CE9B4E2C21E86F450039B89B /* BrowseRecords.plist */,
				CE9B4E0721E868580039B89B /* Info.plist */,
				CE9B4E0821E868580039B89B /* main.m */,
				CE933A5321FAE5EA00D6BAA8 /* FMDBUpgrade.podspec */,
			);
			path = FMDBUpgrade;
			sourceTree = "<group>";
		};
		CE9B4E1C21E86A870039B89B /* UpgradeManager */ = {
			isa = PBXGroup;
			children = (
				CE9B4E1D21E86A870039B89B /* FMDBUpgradeHeader.h */,
				CE9B4E2421E86A870039B89B /* FMDatabase+Upgrade.h */,
				CE9B4E2021E86A870039B89B /* FMDatabase+Upgrade.m */,
				CE9B4E1F21E86A870039B89B /* FMDatabaseQueue+Upgrade.h */,
				CE9B4E2221E86A870039B89B /* FMDatabaseQueue+Upgrade.m */,
				CE9B4E2321E86A870039B89B /* SQLite Statements.md */,
			);
			path = UpgradeManager;
			sourceTree = SOURCE_ROOT;
		};
/* End PBXGroup section */

/* Begin PBXNativeTarget section */
		CE4805E9223E22AC004F48E6 /* FMDBUpgradeTests */ = {
			isa = PBXNativeTarget;
			buildConfigurationList = CE4805F3223E22AC004F48E6 /* Build configuration list for PBXNativeTarget "FMDBUpgradeTests" */;
			buildPhases = (
				CE4805E6223E22AC004F48E6 /* Sources */,
				CE4805E7223E22AC004F48E6 /* Frameworks */,
				CE4805E8223E22AC004F48E6 /* Resources */,
			);
			buildRules = (
			);
			dependencies = (
				CE4805F0223E22AC004F48E6 /* PBXTargetDependency */,
			);
			name = FMDBUpgradeTests;
			productName = FMDBUpgradeTests;
			productReference = CE4805EA223E22AC004F48E6 /* FMDBUpgradeTests.xctest */;
			productType = "com.apple.product-type.bundle.unit-test";
		};
		CE9B4DF521E868570039B89B /* FMDBUpgrade */ = {
			isa = PBXNativeTarget;
			buildConfigurationList = CE9B4E0C21E868580039B89B /* Build configuration list for PBXNativeTarget "FMDBUpgrade" */;
			buildPhases = (
				D82C0C946ADA2CF34D78BCB8 /* [CP] Check Pods Manifest.lock */,
				CE9B4DF221E868570039B89B /* Sources */,
				CE9B4DF321E868570039B89B /* Frameworks */,
				CE9B4DF421E868570039B89B /* Resources */,
			);
			buildRules = (
			);
			dependencies = (
			);
			name = FMDBUpgrade;
			productName = FMDBUpgrade;
			productReference = CE9B4DF621E868570039B89B /* FMDBUpgrade.app */;
			productType = "com.apple.product-type.application";
		};
/* End PBXNativeTarget section */

/* Begin PBXProject section */
		CE9B4DEE21E868570039B89B /* Project object */ = {
			isa = PBXProject;
			attributes = {
				LastUpgradeCheck = 1010;
				ORGANIZATIONNAME = yangyongzheng;
				TargetAttributes = {
					CE4805E9223E22AC004F48E6 = {
						CreatedOnToolsVersion = 10.0;
						TestTargetID = CE9B4DF521E868570039B89B;
					};
					CE9B4DF521E868570039B89B = {
						CreatedOnToolsVersion = 10.1;
					};
				};
			};
			buildConfigurationList = CE9B4DF121E868570039B89B /* Build configuration list for PBXProject "FMDBUpgrade" */;
			compatibilityVersion = "Xcode 9.3";
			developmentRegion = en;
			hasScannedForEncodings = 0;
			knownRegions = (
				en,
				Base,
			);
			mainGroup = CE9B4DED21E868570039B89B;
			productRefGroup = CE9B4DF721E868570039B89B /* Products */;
			projectDirPath = "";
			projectRoot = "";
			targets = (
				CE9B4DF521E868570039B89B /* FMDBUpgrade */,
				CE4805E9223E22AC004F48E6 /* FMDBUpgradeTests */,
			);
		};
/* End PBXProject section */

/* Begin PBXResourcesBuildPhase section */
		CE4805E8223E22AC004F48E6 /* Resources */ = {
			isa = PBXResourcesBuildPhase;
			buildActionMask = 2147483647;
			files = (
			);
			runOnlyForDeploymentPostprocessing = 0;
		};
		CE9B4DF421E868570039B89B /* Resources */ = {
			isa = PBXResourcesBuildPhase;
			buildActionMask = 2147483647;
			files = (
				CE9B4E0621E868580039B89B /* LaunchScreen.storyboard in Resources */,
				CE9B4E2821E86A870039B89B /* SQLite Statements.md in Resources */,
				CE933A5421FAE5EA00D6BAA8 /* FMDBUpgrade.podspec in Resources */,
				CE9B4E0321E868580039B89B /* Assets.xcassets in Resources */,
				CE9B4E2D21E86F450039B89B /* BrowseRecords.plist in Resources */,
				CE9B4E0121E868570039B89B /* Main.storyboard in Resources */,
			);
			runOnlyForDeploymentPostprocessing = 0;
		};
/* End PBXResourcesBuildPhase section */

/* Begin PBXShellScriptBuildPhase section */
		D82C0C946ADA2CF34D78BCB8 /* [CP] Check Pods Manifest.lock */ = {
			isa = PBXShellScriptBuildPhase;
			buildActionMask = 2147483647;
			files = (
			);
			inputFileListPaths = (
			);
			inputPaths = (
				"${PODS_PODFILE_DIR_PATH}/Podfile.lock",
				"${PODS_ROOT}/Manifest.lock",
			);
			name = "[CP] Check Pods Manifest.lock";
			outputFileListPaths = (
			);
			outputPaths = (
				"$(DERIVED_FILE_DIR)/Pods-FMDBUpgrade-checkManifestLockResult.txt",
			);
			runOnlyForDeploymentPostprocessing = 0;
			shellPath = /bin/sh;
			shellScript = "diff \"${PODS_PODFILE_DIR_PATH}/Podfile.lock\" \"${PODS_ROOT}/Manifest.lock\" > /dev/null\nif [ $? != 0 ] ; then\n    # print error to STDERR\n    echo \"error: The sandbox is not in sync with the Podfile.lock. Run 'pod install' or update your CocoaPods installation.\" >&2\n    exit 1\nfi\n# This output is used by Xcode 'outputs' to avoid re-running this script phase.\necho \"SUCCESS\" > \"${SCRIPT_OUTPUT_FILE_0}\"\n";
			showEnvVarsInLog = 0;
		};
/* End PBXShellScriptBuildPhase section */

/* Begin PBXSourcesBuildPhase section */
		CE4805E6223E22AC004F48E6 /* Sources */ = {
			isa = PBXSourcesBuildPhase;
			buildActionMask = 2147483647;
			files = (
				CE4805ED223E22AC004F48E6 /* FMDBUpgradeTests.m in Sources */,
			);
			runOnlyForDeploymentPostprocessing = 0;
		};
		CE9B4DF221E868570039B89B /* Sources */ = {
			isa = PBXSourcesBuildPhase;
			buildActionMask = 2147483647;
			files = (
				CE9B4E2B21E86C730039B89B /* TwoViewController.m in Sources */,
				CE9B4DFE21E868570039B89B /* ViewController.m in Sources */,
				CE9B4E0921E868580039B89B /* main.m in Sources */,
				CE9B4E2721E86A870039B89B /* FMDatabaseQueue+Upgrade.m in Sources */,
				CE9B4E2521E86A870039B89B /* FMDatabase+Upgrade.m in Sources */,
				CE9B4DFB21E868570039B89B /* AppDelegate.m in Sources */,
			);
			runOnlyForDeploymentPostprocessing = 0;
		};
/* End PBXSourcesBuildPhase section */

/* Begin PBXTargetDependency section */
		CE4805F0223E22AC004F48E6 /* PBXTargetDependency */ = {
			isa = PBXTargetDependency;
			target = CE9B4DF521E868570039B89B /* FMDBUpgrade */;
			targetProxy = CE4805EF223E22AC004F48E6 /* PBXContainerItemProxy */;
		};
/* End PBXTargetDependency section */

/* Begin PBXVariantGroup section */
		CE9B4DFF21E868570039B89B /* Main.storyboard */ = {
			isa = PBXVariantGroup;
			children = (
				CE9B4E0021E868570039B89B /* Base */,
			);
			name = Main.storyboard;
			sourceTree = "<group>";
		};
		CE9B4E0421E868580039B89B /* LaunchScreen.storyboard */ = {
			isa = PBXVariantGroup;
			children = (
				CE9B4E0521E868580039B89B /* Base */,
			);
			name = LaunchScreen.storyboard;
			sourceTree = "<group>";
		};
/* End PBXVariantGroup section */

/* Begin XCBuildConfiguration section */
		CE4805F1223E22AC004F48E6 /* Debug */ = {
			isa = XCBuildConfiguration;
			buildSettings = {
				BUNDLE_LOADER = "$(TEST_HOST)";
				CODE_SIGN_STYLE = Automatic;
				DEVELOPMENT_TEAM = 397W964N5J;
				INFOPLIST_FILE = FMDBUpgradeTests/Info.plist;
				IPHONEOS_DEPLOYMENT_TARGET = 12.0;
				LD_RUNPATH_SEARCH_PATHS = (
					"$(inherited)",
					"@executable_path/Frameworks",
					"@loader_path/Frameworks",
				);
				PRODUCT_BUNDLE_IDENTIFIER = yyz.uek.FMDBUpgradeTests;
				PRODUCT_NAME = "$(TARGET_NAME)";
				TARGETED_DEVICE_FAMILY = "1,2";
				TEST_HOST = "$(BUILT_PRODUCTS_DIR)/FMDBUpgrade.app/FMDBUpgrade";
			};
			name = Debug;
		};
		CE4805F2223E22AC004F48E6 /* Release */ = {
			isa = XCBuildConfiguration;
			buildSettings = {
				BUNDLE_LOADER = "$(TEST_HOST)";
				CODE_SIGN_STYLE = Automatic;
				DEVELOPMENT_TEAM = 397W964N5J;
				INFOPLIST_FILE = FMDBUpgradeTests/Info.plist;
				IPHONEOS_DEPLOYMENT_TARGET = 12.0;
				LD_RUNPATH_SEARCH_PATHS = (
					"$(inherited)",
					"@executable_path/Frameworks",
					"@loader_path/Frameworks",
				);
				PRODUCT_BUNDLE_IDENTIFIER = yyz.uek.FMDBUpgradeTests;
				PRODUCT_NAME = "$(TARGET_NAME)";
				TARGETED_DEVICE_FAMILY = "1,2";
				TEST_HOST = "$(BUILT_PRODUCTS_DIR)/FMDBUpgrade.app/FMDBUpgrade";
			};
			name = Release;
		};
		CE9B4E0A21E868580039B89B /* Debug */ = {
			isa = XCBuildConfiguration;
			buildSettings = {
				ALWAYS_SEARCH_USER_PATHS = NO;
				CLANG_ANALYZER_NONNULL = YES;
				CLANG_ANALYZER_NUMBER_OBJECT_CONVERSION = YES_AGGRESSIVE;
				CLANG_CXX_LANGUAGE_STANDARD = "gnu++14";
				CLANG_CXX_LIBRARY = "libc++";
				CLANG_ENABLE_MODULES = YES;
				CLANG_ENABLE_OBJC_ARC = YES;
				CLANG_ENABLE_OBJC_WEAK = YES;
				CLANG_WARN_BLOCK_CAPTURE_AUTORELEASING = YES;
				CLANG_WARN_BOOL_CONVERSION = YES;
				CLANG_WARN_COMMA = YES;
				CLANG_WARN_CONSTANT_CONVERSION = YES;
				CLANG_WARN_DEPRECATED_OBJC_IMPLEMENTATIONS = YES;
				CLANG_WARN_DIRECT_OBJC_ISA_USAGE = YES_ERROR;
				CLANG_WARN_DOCUMENTATION_COMMENTS = YES;
				CLANG_WARN_EMPTY_BODY = YES;
				CLANG_WARN_ENUM_CONVERSION = YES;
				CLANG_WARN_INFINITE_RECURSION = YES;
				CLANG_WARN_INT_CONVERSION = YES;
				CLANG_WARN_NON_LITERAL_NULL_CONVERSION = YES;
				CLANG_WARN_OBJC_IMPLICIT_RETAIN_SELF = YES;
				CLANG_WARN_OBJC_LITERAL_CONVERSION = YES;
				CLANG_WARN_OBJC_ROOT_CLASS = YES_ERROR;
				CLANG_WARN_RANGE_LOOP_ANALYSIS = YES;
				CLANG_WARN_STRICT_PROTOTYPES = YES;
				CLANG_WARN_SUSPICIOUS_MOVE = YES;
				CLANG_WARN_UNGUARDED_AVAILABILITY = YES_AGGRESSIVE;
				CLANG_WARN_UNREACHABLE_CODE = YES;
				CLANG_WARN__DUPLICATE_METHOD_MATCH = YES;
				CODE_SIGN_IDENTITY = "iPhone Developer";
				COPY_PHASE_STRIP = NO;
				DEBUG_INFORMATION_FORMAT = dwarf;
				ENABLE_STRICT_OBJC_MSGSEND = YES;
				ENABLE_TESTABILITY = YES;
				GCC_C_LANGUAGE_STANDARD = gnu11;
				GCC_DYNAMIC_NO_PIC = NO;
				GCC_NO_COMMON_BLOCKS = YES;
				GCC_OPTIMIZATION_LEVEL = 0;
				GCC_PREPROCESSOR_DEFINITIONS = (
					"DEBUG=1",
					"$(inherited)",
				);
				GCC_WARN_64_TO_32_BIT_CONVERSION = YES;
				GCC_WARN_ABOUT_RETURN_TYPE = YES_ERROR;
				GCC_WARN_UNDECLARED_SELECTOR = YES;
				GCC_WARN_UNINITIALIZED_AUTOS = YES_AGGRESSIVE;
				GCC_WARN_UNUSED_FUNCTION = YES;
				GCC_WARN_UNUSED_VARIABLE = YES;
				IPHONEOS_DEPLOYMENT_TARGET = 8.0;
				MTL_ENABLE_DEBUG_INFO = INCLUDE_SOURCE;
				MTL_FAST_MATH = YES;
				ONLY_ACTIVE_ARCH = YES;
				SDKROOT = iphoneos;
			};
			name = Debug;
		};
		CE9B4E0B21E868580039B89B /* Release */ = {
			isa = XCBuildConfiguration;
			buildSettings = {
				ALWAYS_SEARCH_USER_PATHS = NO;
				CLANG_ANALYZER_NONNULL = YES;
				CLANG_ANALYZER_NUMBER_OBJECT_CONVERSION = YES_AGGRESSIVE;
				CLANG_CXX_LANGUAGE_STANDARD = "gnu++14";
				CLANG_CXX_LIBRARY = "libc++";
				CLANG_ENABLE_MODULES = YES;
				CLANG_ENABLE_OBJC_ARC = YES;
				CLANG_ENABLE_OBJC_WEAK = YES;
				CLANG_WARN_BLOCK_CAPTURE_AUTORELEASING = YES;
				CLANG_WARN_BOOL_CONVERSION = YES;
				CLANG_WARN_COMMA = YES;
				CLANG_WARN_CONSTANT_CONVERSION = YES;
				CLANG_WARN_DEPRECATED_OBJC_IMPLEMENTATIONS = YES;
				CLANG_WARN_DIRECT_OBJC_ISA_USAGE = YES_ERROR;
				CLANG_WARN_DOCUMENTATION_COMMENTS = YES;
				CLANG_WARN_EMPTY_BODY = YES;
				CLANG_WARN_ENUM_CONVERSION = YES;
				CLANG_WARN_INFINITE_RECURSION = YES;
				CLANG_WARN_INT_CONVERSION = YES;
				CLANG_WARN_NON_LITERAL_NULL_CONVERSION = YES;
				CLANG_WARN_OBJC_IMPLICIT_RETAIN_SELF = YES;
				CLANG_WARN_OBJC_LITERAL_CONVERSION = YES;
				CLANG_WARN_OBJC_ROOT_CLASS = YES_ERROR;
				CLANG_WARN_RANGE_LOOP_ANALYSIS = YES;
				CLANG_WARN_STRICT_PROTOTYPES = YES;
				CLANG_WARN_SUSPICIOUS_MOVE = YES;
				CLANG_WARN_UNGUARDED_AVAILABILITY = YES_AGGRESSIVE;
				CLANG_WARN_UNREACHABLE_CODE = YES;
				CLANG_WARN__DUPLICATE_METHOD_MATCH = YES;
				CODE_SIGN_IDENTITY = "iPhone Developer";
				COPY_PHASE_STRIP = NO;
				DEBUG_INFORMATION_FORMAT = "dwarf-with-dsym";
				ENABLE_NS_ASSERTIONS = NO;
				ENABLE_STRICT_OBJC_MSGSEND = YES;
				GCC_C_LANGUAGE_STANDARD = gnu11;
				GCC_NO_COMMON_BLOCKS = YES;
				GCC_WARN_64_TO_32_BIT_CONVERSION = YES;
				GCC_WARN_ABOUT_RETURN_TYPE = YES_ERROR;
				GCC_WARN_UNDECLARED_SELECTOR = YES;
				GCC_WARN_UNINITIALIZED_AUTOS = YES_AGGRESSIVE;
				GCC_WARN_UNUSED_FUNCTION = YES;
				GCC_WARN_UNUSED_VARIABLE = YES;
				IPHONEOS_DEPLOYMENT_TARGET = 8.0;
				MTL_ENABLE_DEBUG_INFO = NO;
				MTL_FAST_MATH = YES;
				SDKROOT = iphoneos;
				VALIDATE_PRODUCT = YES;
			};
			name = Release;
		};
		CE9B4E0D21E868580039B89B /* Debug */ = {
			isa = XCBuildConfiguration;
			baseConfigurationReference = 4611AD663953F938D53F305C /* Pods-FMDBUpgrade.debug.xcconfig */;
			buildSettings = {
				ASSETCATALOG_COMPILER_APPICON_NAME = AppIcon;
				CODE_SIGN_STYLE = Automatic;
				DEVELOPMENT_TEAM = 397W964N5J;
				INFOPLIST_FILE = FMDBUpgrade/Info.plist;
				IPHONEOS_DEPLOYMENT_TARGET = 8.0;
				LD_RUNPATH_SEARCH_PATHS = (
					"$(inherited)",
					"@executable_path/Frameworks",
				);
				PRODUCT_BUNDLE_IDENTIFIER = com.oc.FMDBUpgrade;
				PRODUCT_NAME = "$(TARGET_NAME)";
				TARGETED_DEVICE_FAMILY = "1,2";
			};
			name = Debug;
		};
		CE9B4E0E21E868580039B89B /* Release */ = {
			isa = XCBuildConfiguration;
			baseConfigurationReference = 2A5083D370E7DCD7A652FF1F /* Pods-FMDBUpgrade.release.xcconfig */;
			buildSettings = {
				ASSETCATALOG_COMPILER_APPICON_NAME = AppIcon;
				CODE_SIGN_STYLE = Automatic;
				DEVELOPMENT_TEAM = 397W964N5J;
				INFOPLIST_FILE = FMDBUpgrade/Info.plist;
				IPHONEOS_DEPLOYMENT_TARGET = 8.0;
				LD_RUNPATH_SEARCH_PATHS = (
					"$(inherited)",
					"@executable_path/Frameworks",
				);
				PRODUCT_BUNDLE_IDENTIFIER = com.oc.FMDBUpgrade;
				PRODUCT_NAME = "$(TARGET_NAME)";
				TARGETED_DEVICE_FAMILY = "1,2";
			};
			name = Release;
		};
/* End XCBuildConfiguration section */

/* Begin XCConfigurationList section */
		CE4805F3223E22AC004F48E6 /* Build configuration list for PBXNativeTarget "FMDBUpgradeTests" */ = {
			isa = XCConfigurationList;
			buildConfigurations = (
				CE4805F1223E22AC004F48E6 /* Debug */,
				CE4805F2223E22AC004F48E6 /* Release */,
			);
			defaultConfigurationIsVisible = 0;
			defaultConfigurationName = Release;
		};
		CE9B4DF121E868570039B89B /* Build configuration list for PBXProject "FMDBUpgrade" */ = {
			isa = XCConfigurationList;
			buildConfigurations = (
				CE9B4E0A21E868580039B89B /* Debug */,
				CE9B4E0B21E868580039B89B /* Release */,
			);
			defaultConfigurationIsVisible = 0;
			defaultConfigurationName = Release;
		};
		CE9B4E0C21E868580039B89B /* Build configuration list for PBXNativeTarget "FMDBUpgrade" */ = {
			isa = XCConfigurationList;
			buildConfigurations = (
				CE9B4E0D21E868580039B89B /* Debug */,
				CE9B4E0E21E868580039B89B /* Release */,
			);
			defaultConfigurationIsVisible = 0;
			defaultConfigurationName = Release;
		};
/* End XCConfigurationList section */
	};
	rootObject = CE9B4DEE21E868570039B89B /* Project object */;
}
